
Microsoft Visual Studio Solution File, Format Version 12.00
Project("{FAE04EC0-301F-11D3-BF4B-00C04F79EFBC}") = "ArbitrageCalculatorService.Tests", "ArbitrageCalculatorService.Tests.csproj", "{2DE1697A-1E89-450F-923E-393788BA10DB}"
EndProject
Global
	GlobalSection(SolutionConfigurationPlatforms) = preSolution
		Debug|Any CPU = Debug|Any CPU
		Release|Any CPU = Release|Any CPU
	EndGlobalSection
	GlobalSection(ProjectConfigurationPlatforms) = postSolution
		{2DE1697A-1E89-450F-923E-393788BA10DB}.Debug|Any CPU.ActiveCfg = Debug|Any CPU
		{2DE1697A-1E89-450F-923E-393788BA10DB}.Debug|Any CPU.Build.0 = Debug|Any CPU
		{2DE1697A-1E89-450F-923E-393788BA10DB}.Release|Any CPU.ActiveCfg = Release|Any CPU
		{2DE1697A-1E89-450F-923E-393788BA10DB}.Release|Any CPU.Build.0 = Release|Any CPU
	EndGlobalSection
EndGlobal
